
Microsoft Visual Studio Solution File, Format Version 12.00
# Visual Studio Version 17
VisualStudioVersion = 17.7.34031.279
MinimumVisualStudioVersion = 10.0.40219.1
Project("{FAE04EC0-301F-11D3-BF4B-00C04F79EFBC}") = "Tema2_Ej1", "Tema2_Ej1\Tema2_Ej1.csproj", "{0150112D-443C-4D8F-9F36-CC5D44907A76}"
EndProject
Global
	GlobalSection(SolutionConfigurationPlatforms) = preSolution
		Debug|Any CPU = Debug|Any CPU
		Release|Any CPU = Release|Any CPU
	EndGlobalSection
	GlobalSection(ProjectConfigurationPlatforms) = postSolution
		{0150112D-443C-4D8F-9F36-CC5D44907A76}.Debug|Any CPU.ActiveCfg = Debug|Any CPU
		{0150112D-443C-4D8F-9F36-CC5D44907A76}.Debug|Any CPU.Build.0 = Debug|Any CPU
		{0150112D-443C-4D8F-9F36-CC5D44907A76}.Release|Any CPU.ActiveCfg = Release|Any CPU
		{0150112D-443C-4D8F-9F36-CC5D44907A76}.Release|Any CPU.Build.0 = Release|Any CPU
	EndGlobalSection
	GlobalSection(SolutionProperties) = preSolution
		HideSolutionNode = FALSE
	EndGlobalSection
	GlobalSection(ExtensibilityGlobals) = postSolution
		SolutionGuid = {814D16C7-C033-49DD-89A8-95B90A9C7807}
	EndGlobalSection
EndGlobal
